
Microsoft Visual Studio Solution File, Format Version 12.00
# Visual Studio 15
VisualStudioVersion = 15.0.28010.2003
MinimumVisualStudioVersion = 10.0.40219.1
Project("{8BC9CEB8-8B4A-11D0-8D11-00A0C91BC942}") = "The OpenGL Project", "The OpenGL Project\The OpenGL Project.vcxproj", "{CC931F4D-4876-4446-8062-CB05AF6EDB35}"
EndProject
Global
	GlobalSection(SolutionConfigurationPlatforms) = preSolution
		Debug|x64 = Debug|x64
		Debug|x86 = Debug|x86
		Release|x64 = Release|x64
		Release|x86 = Release|x86
	EndGlobalSection
	GlobalSection(ProjectConfigurationPlatforms) = postSolution
		{CC931F4D-4876-4446-8062-CB05AF6EDB35}.Debug|x64.ActiveCfg = Debug|x64
		{CC931F4D-4876-4446-8062-CB05AF6EDB35}.Debug|x64.Build.0 = Debug|x64
		{CC931F4D-4876-4446-8062-CB05AF6EDB35}.Debug|x86.ActiveCfg = Debug|Win32
		{CC931F4D-4876-4446-8062-CB05AF6EDB35}.Debug|x86.Build.0 = Debug|Win32
		{CC931F4D-4876-4446-8062-CB05AF6EDB35}.Release|x64.ActiveCfg = Release|x64
		{CC931F4D-4876-4446-8062-CB05AF6EDB35}.Release|x64.Build.0 = Release|x64
		{CC931F4D-4876-4446-8062-CB05AF6EDB35}.Release|x86.ActiveCfg = Release|Win32
		{CC931F4D-4876-4446-8062-CB05AF6EDB35}.Release|x86.Build.0 = Release|Win32
	EndGlobalSection
	GlobalSection(SolutionProperties) = preSolution
		HideSolutionNode = FALSE
	EndGlobalSection
	GlobalSection(ExtensibilityGlobals) = postSolution
		SolutionGuid = {CF699C1A-0CD4-4564-B4CD-79127FA4253A}
	EndGlobalSection
EndGlobal
